
Microsoft Visual Studio Solution File, Format Version 12.00
# Visual Studio Version 17
VisualStudioVersion = 17.7.34031.279
MinimumVisualStudioVersion = 10.0.40219.1
Project("{FAE04EC0-301F-11D3-BF4B-00C04F79EFBC}") = "Examen2_Ejercicio#1", "Examen2_Ejercicio#1.csproj", "{392FDF84-D58E-4569-9420-464EFFF592C2}"
EndProject
Global
	GlobalSection(SolutionConfigurationPlatforms) = preSolution
		Debug|Any CPU = Debug|Any CPU
		Release|Any CPU = Release|Any CPU
	EndGlobalSection
	GlobalSection(ProjectConfigurationPlatforms) = postSolution
		{392FDF84-D58E-4569-9420-464EFFF592C2}.Debug|Any CPU.ActiveCfg = Debug|Any CPU
		{392FDF84-D58E-4569-9420-464EFFF592C2}.Debug|Any CPU.Build.0 = Debug|Any CPU
		{392FDF84-D58E-4569-9420-464EFFF592C2}.Release|Any CPU.ActiveCfg = Release|Any CPU
		{392FDF84-D58E-4569-9420-464EFFF592C2}.Release|Any CPU.Build.0 = Release|Any CPU
	EndGlobalSection
	GlobalSection(SolutionProperties) = preSolution
		HideSolutionNode = FALSE
	EndGlobalSection
	GlobalSection(ExtensibilityGlobals) = postSolution
		SolutionGuid = {11639060-A28D-41FD-9383-2E7810CCF766}
	EndGlobalSection
EndGlobal
